// !$*UTF8*$!
{
	archiveVersion = 1;
	classes = {
	};
	objectVersion = 46;
	objects = {

/* Begin PBXBuildFile section */
		A069DE311A25CDB800DC9A5F /* ArrayFunctions.cpp in Sources */ = {isa = PBXBuildFile; fileRef = A069DE2F1A25CDB800DC9A5F /* ArrayFunctions.cpp */; };
		A069DE341A25FA5800DC9A5F /* Generator.cpp in Sources */ = {isa = PBXBuildFile; fileRef = A069DE321A25FA5800DC9A5F /* Generator.cpp */; };
		A0E571241A24CB0D00EA860F /* main.cpp in Sources */ = {isa = PBXBuildFile; fileRef = A0E571231A24CB0D00EA860F /* main.cpp */; };
		A0F44E461A2E0A5900D769A7 /* vtk.cpp in Sources */ = {isa = PBXBuildFile; fileRef = A0F44E441A2E0A5900D769A7 /* vtk.cpp */; };
/* End PBXBuildFile section */

/* Begin PBXCopyFilesBuildPhase section */
		A0E5711E1A24CB0D00EA860F /* CopyFiles */ = {
			isa = PBXCopyFilesBuildPhase;
			buildActionMask = 2147483647;
			dstPath = /usr/share/man/man1/;
			dstSubfolderSpec = 0;
			files = (
			);
			runOnlyForDeploymentPostprocessing = 1;
		};
/* End PBXCopyFilesBuildPhase section */

/* Begin PBXFileReference section */
		A03DD7071A2623EF003563DF /* connectivity_pt.txt */ = {isa = PBXFileReference; fileEncoding = 4; lastKnownFileType = text; path = connectivity_pt.txt; sourceTree = "<group>"; };
		A03DD7081A2623EF003563DF /* location_pb.txt */ = {isa = PBXFileReference; fileEncoding = 4; lastKnownFileType = text; path = location_pb.txt; sourceTree = "<group>"; };
		A069DE2F1A25CDB800DC9A5F /* ArrayFunctions.cpp */ = {isa = PBXFileReference; fileEncoding = 4; lastKnownFileType = sourcecode.cpp.cpp; path = ArrayFunctions.cpp; sourceTree = "<group>"; };
		A069DE301A25CDB800DC9A5F /* ArrayFunctions.h */ = {isa = PBXFileReference; fileEncoding = 4; lastKnownFileType = sourcecode.c.h; path = ArrayFunctions.h; sourceTree = "<group>"; };
		A069DE321A25FA5800DC9A5F /* Generator.cpp */ = {isa = PBXFileReference; fileEncoding = 4; lastKnownFileType = sourcecode.cpp.cpp; path = Generator.cpp; sourceTree = "<group>"; };
		A069DE331A25FA5800DC9A5F /* Generator.h */ = {isa = PBXFileReference; fileEncoding = 4; lastKnownFileType = sourcecode.c.h; path = Generator.h; sourceTree = "<group>"; };
		A0E571201A24CB0D00EA860F /* networkgen */ = {isa = PBXFileReference; explicitFileType = "compiled.mach-o.executable"; includeInIndex = 0; path = networkgen; sourceTree = BUILT_PRODUCTS_DIR; };
		A0E571231A24CB0D00EA860F /* main.cpp */ = {isa = PBXFileReference; lastKnownFileType = sourcecode.cpp.cpp; lineEnding = 0; path = main.cpp; sourceTree = "<group>"; usesTabs = 0; };
		A0F44E441A2E0A5900D769A7 /* vtk.cpp */ = {isa = PBXFileReference; fileEncoding = 4; lastKnownFileType = sourcecode.cpp.cpp; path = vtk.cpp; sourceTree = "<group>"; };
		A0F44E451A2E0A5900D769A7 /* vtk.h */ = {isa = PBXFileReference; fileEncoding = 4; lastKnownFileType = sourcecode.c.h; path = vtk.h; sourceTree = "<group>"; };
/* End PBXFileReference section */

/* Begin PBXFrameworksBuildPhase section */
		A0E5711D1A24CB0D00EA860F /* Frameworks */ = {
			isa = PBXFrameworksBuildPhase;
			buildActionMask = 2147483647;
			files = (
			);
			runOnlyForDeploymentPostprocessing = 0;
		};
/* End PBXFrameworksBuildPhase section */

/* Begin PBXGroup section */
		A0E571171A24CB0D00EA860F = {
			isa = PBXGroup;
			children = (
				A03DD7071A2623EF003563DF /* connectivity_pt.txt */,
				A03DD7081A2623EF003563DF /* location_pb.txt */,
				A0E571221A24CB0D00EA860F /* networkgen */,
				A0E571211A24CB0D00EA860F /* Products */,
			);
			sourceTree = "<group>";
		};
		A0E571211A24CB0D00EA860F /* Products */ = {
			isa = PBXGroup;
			children = (
				A0E571201A24CB0D00EA860F /* networkgen */,
			);
			name = Products;
			sourceTree = "<group>";
		};
		A0E571221A24CB0D00EA860F /* networkgen */ = {
			isa = PBXGroup;
			children = (
				A069DE321A25FA5800DC9A5F /* Generator.cpp */,
				A069DE331A25FA5800DC9A5F /* Generator.h */,
				A0E571231A24CB0D00EA860F /* main.cpp */,
				A069DE2F1A25CDB800DC9A5F /* ArrayFunctions.cpp */,
				A069DE301A25CDB800DC9A5F /* ArrayFunctions.h */,
				A0F44E441A2E0A5900D769A7 /* vtk.cpp */,
				A0F44E451A2E0A5900D769A7 /* vtk.h */,
			);
			path = networkgen;
			sourceTree = "<group>";
		};
/* End PBXGroup section */

/* Begin PBXNativeTarget section */
		A0E5711F1A24CB0D00EA860F /* networkgen */ = {
			isa = PBXNativeTarget;
			buildConfigurationList = A0E571271A24CB0D00EA860F /* Build configuration list for PBXNativeTarget "networkgen" */;
			buildPhases = (
				A0E5711C1A24CB0D00EA860F /* Sources */,
				A0E5711D1A24CB0D00EA860F /* Frameworks */,
				A0E5711E1A24CB0D00EA860F /* CopyFiles */,
			);
			buildRules = (
			);
			dependencies = (
			);
			name = networkgen;
			productName = networkgen;
			productReference = A0E571201A24CB0D00EA860F /* networkgen */;
			productType = "com.apple.product-type.tool";
		};
/* End PBXNativeTarget section */

/* Begin PBXProject section */
		A0E571181A24CB0D00EA860F /* Project object */ = {
			isa = PBXProject;
			attributes = {
				LastUpgradeCheck = 0610;
				ORGANIZATIONNAME = "Lucas van Oosterhout";
				TargetAttributes = {
					A0E5711F1A24CB0D00EA860F = {
						CreatedOnToolsVersion = 6.1;
					};
				};
			};
			buildConfigurationList = A0E5711B1A24CB0D00EA860F /* Build configuration list for PBXProject "networkgen" */;
			compatibilityVersion = "Xcode 3.2";
			developmentRegion = English;
			hasScannedForEncodings = 0;
			knownRegions = (
				en,
			);
			mainGroup = A0E571171A24CB0D00EA860F;
			productRefGroup = A0E571211A24CB0D00EA860F /* Products */;
			projectDirPath = "";
			projectRoot = "";
			targets = (
				A0E5711F1A24CB0D00EA860F /* networkgen */,
			);
		};
/* End PBXProject section */

/* Begin PBXSourcesBuildPhase section */
		A0E5711C1A24CB0D00EA860F /* Sources */ = {
			isa = PBXSourcesBuildPhase;
			buildActionMask = 2147483647;
			files = (
				A069DE341A25FA5800DC9A5F /* Generator.cpp in Sources */,
				A0F44E461A2E0A5900D769A7 /* vtk.cpp in Sources */,
				A0E571241A24CB0D00EA860F /* main.cpp in Sources */,
				A069DE311A25CDB800DC9A5F /* ArrayFunctions.cpp in Sources */,
			);
			runOnlyForDeploymentPostprocessing = 0;
		};
/* End PBXSourcesBuildPhase section */

/* Begin XCBuildConfiguration section */
		A0E571251A24CB0D00EA860F /* Debug */ = {
			isa = XCBuildConfiguration;
			buildSettings = {
				ALWAYS_SEARCH_USER_PATHS = NO;
				CLANG_CXX_LANGUAGE_STANDARD = "gnu++0x";
				CLANG_CXX_LIBRARY = "libc++";
				CLANG_ENABLE_MODULES = YES;
				CLANG_ENABLE_OBJC_ARC = YES;
				CLANG_WARN_BOOL_CONVERSION = YES;
				CLANG_WARN_CONSTANT_CONVERSION = YES;
				CLANG_WARN_DIRECT_OBJC_ISA_USAGE = YES_ERROR;
				CLANG_WARN_EMPTY_BODY = YES;
				CLANG_WARN_ENUM_CONVERSION = YES;
				CLANG_WARN_INT_CONVERSION = YES;
				CLANG_WARN_OBJC_ROOT_CLASS = YES_ERROR;
				CLANG_WARN_UNREACHABLE_CODE = YES;
				CLANG_WARN__DUPLICATE_METHOD_MATCH = YES;
				COPY_PHASE_STRIP = NO;
				ENABLE_STRICT_OBJC_MSGSEND = YES;
				GCC_C_LANGUAGE_STANDARD = gnu99;
				GCC_DYNAMIC_NO_PIC = NO;
				GCC_OPTIMIZATION_LEVEL = 0;
				GCC_PREPROCESSOR_DEFINITIONS = (
					"DEBUG=1",
					"$(inherited)",
				);
				GCC_SYMBOLS_PRIVATE_EXTERN = NO;
				GCC_WARN_64_TO_32_BIT_CONVERSION = YES;
				GCC_WARN_ABOUT_RETURN_TYPE = YES_ERROR;
				GCC_WARN_UNDECLARED_SELECTOR = YES;
				GCC_WARN_UNINITIALIZED_AUTOS = YES_AGGRESSIVE;
				GCC_WARN_UNUSED_FUNCTION = YES;
				GCC_WARN_UNUSED_VARIABLE = YES;
				MACOSX_DEPLOYMENT_TARGET = 10.10;
				MTL_ENABLE_DEBUG_INFO = YES;
				ONLY_ACTIVE_ARCH = YES;
				SDKROOT = macosx;
			};
			name = Debug;
		};
		A0E571261A24CB0D00EA860F /* Release */ = {
			isa = XCBuildConfiguration;
			buildSettings = {
				ALWAYS_SEARCH_USER_PATHS = NO;
				CLANG_CXX_LANGUAGE_STANDARD = "gnu++0x";
				CLANG_CXX_LIBRARY = "libc++";
				CLANG_ENABLE_MODULES = YES;
				CLANG_ENABLE_OBJC_ARC = YES;
				CLANG_WARN_BOOL_CONVERSION = YES;
				CLANG_WARN_CONSTANT_CONVERSION = YES;
				CLANG_WARN_DIRECT_OBJC_ISA_USAGE = YES_ERROR;
				CLANG_WARN_EMPTY_BODY = YES;
				CLANG_WARN_ENUM_CONVERSION = YES;
				CLANG_WARN_INT_CONVERSION = YES;
				CLANG_WARN_OBJC_ROOT_CLASS = YES_ERROR;
				CLANG_WARN_UNREACHABLE_CODE = YES;
				CLANG_WARN__DUPLICATE_METHOD_MATCH = YES;
				COPY_PHASE_STRIP = YES;
				DEBUG_INFORMATION_FORMAT = "dwarf-with-dsym";
				ENABLE_NS_ASSERTIONS = NO;
				ENABLE_STRICT_OBJC_MSGSEND = YES;
				GCC_C_LANGUAGE_STANDARD = gnu99;
				GCC_WARN_64_TO_32_BIT_CONVERSION = YES;
				GCC_WARN_ABOUT_RETURN_TYPE = YES_ERROR;
				GCC_WARN_UNDECLARED_SELECTOR = YES;
				GCC_WARN_UNINITIALIZED_AUTOS = YES_AGGRESSIVE;
				GCC_WARN_UNUSED_FUNCTION = YES;
				GCC_WARN_UNUSED_VARIABLE = YES;
				MACOSX_DEPLOYMENT_TARGET = 10.10;
				MTL_ENABLE_DEBUG_INFO = NO;
				SDKROOT = macosx;
			};
			name = Release;
		};
		A0E571281A24CB0D00EA860F /* Debug */ = {
			isa = XCBuildConfiguration;
			buildSettings = {
				CLANG_CXX_LANGUAGE_STANDARD = "c++0x";
				PRODUCT_NAME = "$(TARGET_NAME)";
				SUPPORTED_PLATFORMS = "macosx linux";
			};
			name = Debug;
		};
		A0E571291A24CB0D00EA860F /* Release */ = {
			isa = XCBuildConfiguration;
			buildSettings = {
				CLANG_CXX_LANGUAGE_STANDARD = "c++0x";
				PRODUCT_NAME = "$(TARGET_NAME)";
				SUPPORTED_PLATFORMS = "macosx linux";
			};
			name = Release;
		};
/* End XCBuildConfiguration section */

/* Begin XCConfigurationList section */
		A0E5711B1A24CB0D00EA860F /* Build configuration list for PBXProject "networkgen" */ = {
			isa = XCConfigurationList;
			buildConfigurations = (
				A0E571251A24CB0D00EA860F /* Debug */,
				A0E571261A24CB0D00EA860F /* Release */,
			);
			defaultConfigurationIsVisible = 0;
			defaultConfigurationName = Release;
		};
		A0E571271A24CB0D00EA860F /* Build configuration list for PBXNativeTarget "networkgen" */ = {
			isa = XCConfigurationList;
			buildConfigurations = (
				A0E571281A24CB0D00EA860F /* Debug */,
				A0E571291A24CB0D00EA860F /* Release */,
			);
			defaultConfigurationIsVisible = 0;
			defaultConfigurationName = Release;
		};
/* End XCConfigurationList section */
	};
	rootObject = A0E571181A24CB0D00EA860F /* Project object */;
}
